<?xml version="1.0" encoding="UTF-8"?>
<!DOCTYPE plist PUBLIC "-//Apple//DTD PLIST 1.0//EN" "http://www.apple.com/DTDs/PropertyList-1.0.dtd">
<plist version="1.0">
<dict>
	<key>archiveVersion</key>
	<string>1</string>
	<key>classes</key>
	<dict/>
	<key>objectVersion</key>
	<string>46</string>
	<key>objects</key>
	<dict>
		<key>084D10F893D642E9AAF2808D</key>
		<dict>
			<key>explicitFileType</key>
			<string>archive.ar</string>
			<key>includeInIndex</key>
			<string>0</string>
			<key>isa</key>
			<string>PBXFileReference</string>
			<key>name</key>
			<string>libPods-AppDotNetFeedTests.a</string>
			<key>path</key>
			<string>libPods-AppDotNetFeedTests.a</string>
			<key>sourceTree</key>
			<string>BUILT_PRODUCTS_DIR</string>
		</dict>
		<key>1FE74BA6DBD943F3BC2DF095</key>
		<dict>
			<key>includeInIndex</key>
			<string>1</string>
			<key>isa</key>
			<string>PBXFileReference</string>
			<key>lastKnownFileType</key>
			<string>text.xcconfig</string>
			<key>name</key>
			<string>Pods.xcconfig</string>
			<key>path</key>
			<string>Pods/Pods.xcconfig</string>
			<key>sourceTree</key>
			<string>SOURCE_ROOT</string>
		</dict>
		<key>266DC107264D42E9966A5475</key>
		<dict>
			<key>explicitFileType</key>
			<string>archive.ar</string>
			<key>includeInIndex</key>
			<string>0</string>
			<key>isa</key>
			<string>PBXFileReference</string>
			<key>name</key>
			<string>libPods.a</string>
			<key>path</key>
			<string>libPods.a</string>
			<key>sourceTree</key>
			<string>BUILT_PRODUCTS_DIR</string>
		</dict>
		<key>2C09DA28173C81AC00F9FCDC</key>
		<dict>
			<key>children</key>
			<array>
				<string>2C09DA3A173C81AC00F9FCDC</string>
				<string>2C09DA58173C81AC00F9FCDC</string>
				<string>2C09DA33173C81AC00F9FCDC</string>
				<string>2C09DA32173C81AC00F9FCDC</string>
				<string>1FE74BA6DBD943F3BC2DF095</string>
				<string>CCD9AA0CBEA8469EAF9E60FA</string>
			</array>
			<key>isa</key>
			<string>PBXGroup</string>
			<key>sourceTree</key>
			<string>&lt;group&gt;</string>
		</dict>
		<key>2C09DA29173C81AC00F9FCDC</key>
		<dict>
			<key>attributes</key>
			<dict>
				<key>LastUpgradeCheck</key>
				<string>0460</string>
				<key>ORGANIZATIONNAME</key>
				<string>markw</string>
			</dict>
			<key>buildConfigurationList</key>
			<string>2C09DA2C173C81AC00F9FCDC</string>
			<key>compatibilityVersion</key>
			<string>Xcode 3.2</string>
			<key>developmentRegion</key>
			<string>English</string>
			<key>hasScannedForEncodings</key>
			<string>0</string>
			<key>isa</key>
			<string>PBXProject</string>
			<key>knownRegions</key>
			<array>
				<string>en</string>
			</array>
			<key>mainGroup</key>
			<string>2C09DA28173C81AC00F9FCDC</string>
			<key>productRefGroup</key>
			<string>2C09DA32173C81AC00F9FCDC</string>
			<key>projectDirPath</key>
			<string></string>
			<key>projectReferences</key>
			<array/>
			<key>projectRoot</key>
			<string></string>
			<key>targets</key>
			<array>
				<string>2C09DA30173C81AC00F9FCDC</string>
				<string>2C09DA50173C81AC00F9FCDC</string>
			</array>
		</dict>
		<key>2C09DA2C173C81AC00F9FCDC</key>
		<dict>
			<key>buildConfigurations</key>
			<array>
				<string>2C09DA61173C81AC00F9FCDC</string>
				<string>2C09DA62173C81AC00F9FCDC</string>
			</array>
			<key>defaultConfigurationIsVisible</key>
			<string>0</string>
			<key>defaultConfigurationName</key>
			<string>Release</string>
			<key>isa</key>
			<string>XCConfigurationList</string>
		</dict>
		<key>2C09DA2D173C81AC00F9FCDC</key>
		<dict>
			<key>buildActionMask</key>
			<string>2147483647</string>
			<key>files</key>
			<array>
				<string>2C09DA41173C81AC00F9FCDC</string>
				<string>2C09DA45173C81AC00F9FCDC</string>
			</array>
			<key>isa</key>
			<string>PBXSourcesBuildPhase</string>
			<key>runOnlyForDeploymentPostprocessing</key>
			<string>0</string>
		</dict>
		<key>2C09DA2E173C81AC00F9FCDC</key>
		<dict>
			<key>buildActionMask</key>
			<string>2147483647</string>
			<key>files</key>
			<array>
				<string>2C09DA35173C81AC00F9FCDC</string>
				<string>2C09DA37173C81AC00F9FCDC</string>
				<string>2C09DA39173C81AC00F9FCDC</string>
				<string>7C50F871AA23487587EE14F6</string>
			</array>
			<key>isa</key>
			<string>PBXFrameworksBuildPhase</string>
			<key>runOnlyForDeploymentPostprocessing</key>
			<string>0</string>
		</dict>
		<key>2C09DA2F173C81AC00F9FCDC</key>
		<dict>
			<key>buildActionMask</key>
			<string>2147483647</string>
			<key>files</key>
			<array>
				<string>2C09DA3F173C81AC00F9FCDC</string>
				<string>2C09DA47173C81AC00F9FCDC</string>
				<string>2C09DA49173C81AC00F9FCDC</string>
				<string>2C09DA4B173C81AC00F9FCDC</string>
			</array>
			<key>isa</key>
			<string>PBXResourcesBuildPhase</string>
			<key>runOnlyForDeploymentPostprocessing</key>
			<string>0</string>
		</dict>
		<key>2C09DA30173C81AC00F9FCDC</key>
		<dict>
			<key>buildConfigurationList</key>
			<string>2C09DA63173C81AC00F9FCDC</string>
			<key>buildPhases</key>
			<array>
				<string>78BE36C69325411A9803ED2F</string>
				<string>2C09DA2D173C81AC00F9FCDC</string>
				<string>2C09DA2E173C81AC00F9FCDC</string>
				<string>2C09DA2F173C81AC00F9FCDC</string>
				<string>8B24D75AEB8040CEAFA21095</string>
			</array>
			<key>buildRules</key>
			<array/>
			<key>dependencies</key>
			<array/>
			<key>isa</key>
			<string>PBXNativeTarget</string>
			<key>name</key>
			<string>AppDotNetFeed</string>
			<key>productName</key>
			<string>AppDotNetFeed</string>
			<key>productReference</key>
			<string>2C09DA31173C81AC00F9FCDC</string>
			<key>productType</key>
			<string>com.apple.product-type.application</string>
		</dict>
		<key>2C09DA31173C81AC00F9FCDC</key>
		<dict>
			<key>explicitFileType</key>
			<string>wrapper.application</string>
			<key>includeInIndex</key>
			<string>0</string>
			<key>isa</key>
			<string>PBXFileReference</string>
			<key>path</key>
			<string>AppDotNetFeed.app</string>
			<key>sourceTree</key>
			<string>BUILT_PRODUCTS_DIR</string>
		</dict>
		<key>2C09DA32173C81AC00F9FCDC</key>
		<dict>
			<key>children</key>
			<array>
				<string>2C09DA31173C81AC00F9FCDC</string>
				<string>2C09DA51173C81AC00F9FCDC</string>
			</array>
			<key>isa</key>
			<string>PBXGroup</string>
			<key>name</key>
			<string>Products</string>
			<key>sourceTree</key>
			<string>&lt;group&gt;</string>
		</dict>
		<key>2C09DA33173C81AC00F9FCDC</key>
		<dict>
			<key>children</key>
			<array>
				<string>2C09DA34173C81AC00F9FCDC</string>
				<string>2C09DA36173C81AC00F9FCDC</string>
				<string>2C09DA38173C81AC00F9FCDC</string>
				<string>2C09DA52173C81AC00F9FCDC</string>
				<string>266DC107264D42E9966A5475</string>
				<string>084D10F893D642E9AAF2808D</string>
			</array>
			<key>isa</key>
			<string>PBXGroup</string>
			<key>name</key>
			<string>Frameworks</string>
			<key>sourceTree</key>
			<string>&lt;group&gt;</string>
		</dict>
		<key>2C09DA34173C81AC00F9FCDC</key>
		<dict>
			<key>isa</key>
			<string>PBXFileReference</string>
			<key>lastKnownFileType</key>
			<string>wrapper.framework</string>
			<key>name</key>
			<string>UIKit.framework</string>
			<key>path</key>
			<string>System/Library/Frameworks/UIKit.framework</string>
			<key>sourceTree</key>
			<string>SDKROOT</string>
		</dict>
		<key>2C09DA35173C81AC00F9FCDC</key>
		<dict>
			<key>fileRef</key>
			<string>2C09DA34173C81AC00F9FCDC</string>
			<key>isa</key>
			<string>PBXBuildFile</string>
		</dict>
		<key>2C09DA36173C81AC00F9FCDC</key>
		<dict>
			<key>isa</key>
			<string>PBXFileReference</string>
			<key>lastKnownFileType</key>
			<string>wrapper.framework</string>
			<key>name</key>
			<string>Foundation.framework</string>
			<key>path</key>
			<string>System/Library/Frameworks/Foundation.framework</string>
			<key>sourceTree</key>
			<string>SDKROOT</string>
		</dict>
		<key>2C09DA37173C81AC00F9FCDC</key>
		<dict>
			<key>fileRef</key>
			<string>2C09DA36173C81AC00F9FCDC</string>
			<key>isa</key>
			<string>PBXBuildFile</string>
		</dict>
		<key>2C09DA38173C81AC00F9FCDC</key>
		<dict>
			<key>isa</key>
			<string>PBXFileReference</string>
			<key>lastKnownFileType</key>
			<string>wrapper.framework</string>
			<key>name</key>
			<string>CoreGraphics.framework</string>
			<key>path</key>
			<string>System/Library/Frameworks/CoreGraphics.framework</string>
			<key>sourceTree</key>
			<string>SDKROOT</string>
		</dict>
		<key>2C09DA39173C81AC00F9FCDC</key>
		<dict>
			<key>fileRef</key>
			<string>2C09DA38173C81AC00F9FCDC</string>
			<key>isa</key>
			<string>PBXBuildFile</string>
		</dict>
		<key>2C09DA3A173C81AC00F9FCDC</key>
		<dict>
			<key>children</key>
			<array>
				<string>2C09DA43173C81AC00F9FCDC</string>
				<string>2C09DA44173C81AC00F9FCDC</string>
				<string>2C09DA3B173C81AC00F9FCDC</string>
			</array>
			<key>isa</key>
			<string>PBXGroup</string>
			<key>path</key>
			<string>AppDotNetFeed</string>
			<key>sourceTree</key>
			<string>&lt;group&gt;</string>
		</dict>
		<key>2C09DA3B173C81AC00F9FCDC</key>
		<dict>
			<key>children</key>
			<array>
				<string>2C09DA3C173C81AC00F9FCDC</string>
				<string>2C09DA3D173C81AC00F9FCDC</string>
				<string>2C09DA40173C81AC00F9FCDC</string>
				<string>2C09DA42173C81AC00F9FCDC</string>
				<string>2C09DA46173C81AC00F9FCDC</string>
				<string>2C09DA48173C81AC00F9FCDC</string>
				<string>2C09DA4A173C81AC00F9FCDC</string>
			</array>
			<key>isa</key>
			<string>PBXGroup</string>
			<key>name</key>
			<string>Supporting Files</string>
			<key>sourceTree</key>
			<string>&lt;group&gt;</string>
		</dict>
		<key>2C09DA3C173C81AC00F9FCDC</key>
		<dict>
			<key>isa</key>
			<string>PBXFileReference</string>
			<key>lastKnownFileType</key>
			<string>text.plist.xml</string>
			<key>path</key>
			<string>AppDotNetFeed-Info.plist</string>
			<key>sourceTree</key>
			<string>&lt;group&gt;</string>
		</dict>
		<key>2C09DA3D173C81AC00F9FCDC</key>
		<dict>
			<key>children</key>
			<array>
				<string>2C09DA3E173C81AC00F9FCDC</string>
			</array>
			<key>isa</key>
			<string>PBXVariantGroup</string>
			<key>name</key>
			<string>InfoPlist.strings</string>
			<key>sourceTree</key>
			<string>&lt;group&gt;</string>
		</dict>
		<key>2C09DA3E173C81AC00F9FCDC</key>
		<dict>
			<key>isa</key>
			<string>PBXFileReference</string>
			<key>lastKnownFileType</key>
			<string>text.plist.strings</string>
			<key>name</key>
			<string>en</string>
			<key>path</key>
			<string>en.lproj/InfoPlist.strings</string>
			<key>sourceTree</key>
			<string>&lt;group&gt;</string>
		</dict>
		<key>2C09DA3F173C81AC00F9FCDC</key>
		<dict>
			<key>fileRef</key>
			<string>2C09DA3D173C81AC00F9FCDC</string>
			<key>isa</key>
			<string>PBXBuildFile</string>
		</dict>
		<key>2C09DA40173C81AC00F9FCDC</key>
		<dict>
			<key>isa</key>
			<string>PBXFileReference</string>
			<key>lastKnownFileType</key>
			<string>sourcecode.c.objc</string>
			<key>path</key>
			<string>main.m</string>
			<key>sourceTree</key>
			<string>&lt;group&gt;</string>
		</dict>
		<key>2C09DA41173C81AC00F9FCDC</key>
		<dict>
			<key>fileRef</key>
			<string>2C09DA40173C81AC00F9FCDC</string>
			<key>isa</key>
			<string>PBXBuildFile</string>
		</dict>
		<key>2C09DA42173C81AC00F9FCDC</key>
		<dict>
			<key>isa</key>
			<string>PBXFileReference</string>
			<key>lastKnownFileType</key>
			<string>sourcecode.c.h</string>
			<key>path</key>
			<string>AppDotNetFeed-Prefix.pch</string>
			<key>sourceTree</key>
			<string>&lt;group&gt;</string>
		</dict>
		<key>2C09DA43173C81AC00F9FCDC</key>
		<dict>
			<key>isa</key>
			<string>PBXFileReference</string>
			<key>lastKnownFileType</key>
			<string>sourcecode.c.h</string>
			<key>path</key>
			<string>AppDelegate.h</string>
			<key>sourceTree</key>
			<string>&lt;group&gt;</string>
		</dict>
		<key>2C09DA44173C81AC00F9FCDC</key>
		<dict>
			<key>isa</key>
			<string>PBXFileReference</string>
			<key>lastKnownFileType</key>
			<string>sourcecode.c.objc</string>
			<key>path</key>
			<string>AppDelegate.m</string>
			<key>sourceTree</key>
			<string>&lt;group&gt;</string>
		</dict>
		<key>2C09DA45173C81AC00F9FCDC</key>
		<dict>
			<key>fileRef</key>
			<string>2C09DA44173C81AC00F9FCDC</string>
			<key>isa</key>
			<string>PBXBuildFile</string>
		</dict>
		<key>2C09DA46173C81AC00F9FCDC</key>
		<dict>
			<key>isa</key>
			<string>PBXFileReference</string>
			<key>lastKnownFileType</key>
			<string>image.png</string>
			<key>path</key>
			<string>Default.png</string>
			<key>sourceTree</key>
			<string>&lt;group&gt;</string>
		</dict>
		<key>2C09DA47173C81AC00F9FCDC</key>
		<dict>
			<key>fileRef</key>
			<string>2C09DA46173C81AC00F9FCDC</string>
			<key>isa</key>
			<string>PBXBuildFile</string>
		</dict>
		<key>2C09DA48173C81AC00F9FCDC</key>
		<dict>
			<key>isa</key>
			<string>PBXFileReference</string>
			<key>lastKnownFileType</key>
			<string>image.png</string>
			<key>path</key>
			<string>Default@2x.png</string>
			<key>sourceTree</key>
			<string>&lt;group&gt;</string>
		</dict>
		<key>2C09DA49173C81AC00F9FCDC</key>
		<dict>
			<key>fileRef</key>
			<string>2C09DA48173C81AC00F9FCDC</string>
			<key>isa</key>
			<string>PBXBuildFile</string>
		</dict>
		<key>2C09DA4A173C81AC00F9FCDC</key>
		<dict>
			<key>isa</key>
			<string>PBXFileReference</string>
			<key>lastKnownFileType</key>
			<string>image.png</string>
			<key>path</key>
			<string>Default-568h@2x.png</string>
			<key>sourceTree</key>
			<string>&lt;group&gt;</string>
		</dict>
		<key>2C09DA4B173C81AC00F9FCDC</key>
		<dict>
			<key>fileRef</key>
			<string>2C09DA4A173C81AC00F9FCDC</string>
			<key>isa</key>
			<string>PBXBuildFile</string>
		</dict>
		<key>2C09DA4C173C81AC00F9FCDC</key>
		<dict>
			<key>buildActionMask</key>
			<string>2147483647</string>
			<key>files</key>
			<array>
				<string>2C09DA60173C81AC00F9FCDC</string>
			</array>
			<key>isa</key>
			<string>PBXSourcesBuildPhase</string>
			<key>runOnlyForDeploymentPostprocessing</key>
			<string>0</string>
		</dict>
		<key>2C09DA4D173C81AC00F9FCDC</key>
		<dict>
			<key>buildActionMask</key>
			<string>2147483647</string>
			<key>files</key>
			<array>
				<string>2C09DA53173C81AC00F9FCDC</string>
				<string>2C09DA54173C81AC00F9FCDC</string>
				<string>2C09DA55173C81AC00F9FCDC</string>
				<string>794C7B47115A418DB73D22A9</string>
			</array>
			<key>isa</key>
			<string>PBXFrameworksBuildPhase</string>
			<key>runOnlyForDeploymentPostprocessing</key>
			<string>0</string>
		</dict>
		<key>2C09DA4E173C81AC00F9FCDC</key>
		<dict>
			<key>buildActionMask</key>
			<string>2147483647</string>
			<key>files</key>
			<array>
				<string>2C09DA5D173C81AC00F9FCDC</string>
			</array>
			<key>isa</key>
			<string>PBXResourcesBuildPhase</string>
			<key>runOnlyForDeploymentPostprocessing</key>
			<string>0</string>
		</dict>
		<key>2C09DA4F173C81AC00F9FCDC</key>
		<dict>
			<key>buildActionMask</key>
			<string>2147483647</string>
			<key>files</key>
			<array/>
			<key>inputPaths</key>
			<array/>
			<key>isa</key>
			<string>PBXShellScriptBuildPhase</string>
			<key>outputPaths</key>
			<array/>
			<key>runOnlyForDeploymentPostprocessing</key>
			<string>0</string>
			<key>shellPath</key>
			<string>/bin/sh</string>
			<key>shellScript</key>
			<string># Run the unit tests in this test bundle.
"${SYSTEM_DEVELOPER_DIR}/Tools/RunUnitTests"
</string>
		</dict>
		<key>2C09DA50173C81AC00F9FCDC</key>
		<dict>
			<key>buildConfigurationList</key>
			<string>2C09DA66173C81AC00F9FCDC</string>
			<key>buildPhases</key>
			<array>
				<string>D3C953E6AF5D408D954F5F6F</string>
				<string>2C09DA4C173C81AC00F9FCDC</string>
				<string>2C09DA4D173C81AC00F9FCDC</string>
				<string>2C09DA4E173C81AC00F9FCDC</string>
				<string>2C09DA4F173C81AC00F9FCDC</string>
				<string>F918709A64A440AFA6B355AB</string>
			</array>
			<key>buildRules</key>
			<array/>
			<key>dependencies</key>
			<array>
				<string>2C09DA57173C81AC00F9FCDC</string>
			</array>
			<key>isa</key>
			<string>PBXNativeTarget</string>
			<key>name</key>
			<string>AppDotNetFeedTests</string>
			<key>productName</key>
			<string>AppDotNetFeedTests</string>
			<key>productReference</key>
			<string>2C09DA51173C81AC00F9FCDC</string>
			<key>productType</key>
			<string>com.apple.product-type.bundle</string>
		</dict>
		<key>2C09DA51173C81AC00F9FCDC</key>
		<dict>
			<key>explicitFileType</key>
			<string>wrapper.cfbundle</string>
			<key>includeInIndex</key>
			<string>0</string>
			<key>isa</key>
			<string>PBXFileReference</string>
			<key>path</key>
			<string>AppDotNetFeedTests.octest</string>
			<key>sourceTree</key>
			<string>BUILT_PRODUCTS_DIR</string>
		</dict>
		<key>2C09DA52173C81AC00F9FCDC</key>
		<dict>
			<key>isa</key>
			<string>PBXFileReference</string>
			<key>lastKnownFileType</key>
			<string>wrapper.framework</string>
			<key>name</key>
			<string>SenTestingKit.framework</string>
			<key>path</key>
			<string>Library/Frameworks/SenTestingKit.framework</string>
			<key>sourceTree</key>
			<string>DEVELOPER_DIR</string>
		</dict>
		<key>2C09DA53173C81AC00F9FCDC</key>
		<dict>
			<key>fileRef</key>
			<string>2C09DA52173C81AC00F9FCDC</string>
			<key>isa</key>
			<string>PBXBuildFile</string>
		</dict>
		<key>2C09DA54173C81AC00F9FCDC</key>
		<dict>
			<key>fileRef</key>
			<string>2C09DA34173C81AC00F9FCDC</string>
			<key>isa</key>
			<string>PBXBuildFile</string>
		</dict>
		<key>2C09DA55173C81AC00F9FCDC</key>
		<dict>
			<key>fileRef</key>
			<string>2C09DA36173C81AC00F9FCDC</string>
			<key>isa</key>
			<string>PBXBuildFile</string>
		</dict>
		<key>2C09DA56173C81AC00F9FCDC</key>
		<dict>
			<key>containerPortal</key>
			<string>2C09DA29173C81AC00F9FCDC</string>
			<key>isa</key>
			<string>PBXContainerItemProxy</string>
			<key>proxyType</key>
			<string>1</string>
			<key>remoteGlobalIDString</key>
			<string>2C09DA30173C81AC00F9FCDC</string>
			<key>remoteInfo</key>
			<string>AppDotNetFeed</string>
		</dict>
		<key>2C09DA57173C81AC00F9FCDC</key>
		<dict>
			<key>isa</key>
			<string>PBXTargetDependency</string>
			<key>target</key>
			<string>2C09DA30173C81AC00F9FCDC</string>
			<key>targetProxy</key>
			<string>2C09DA56173C81AC00F9FCDC</string>
		</dict>
		<key>2C09DA58173C81AC00F9FCDC</key>
		<dict>
			<key>children</key>
			<array>
				<string>2C09DA5E173C81AC00F9FCDC</string>
				<string>2C09DA5F173C81AC00F9FCDC</string>
				<string>2C09DA59173C81AC00F9FCDC</string>
			</array>
			<key>isa</key>
			<string>PBXGroup</string>
			<key>path</key>
			<string>AppDotNetFeedTests</string>
			<key>sourceTree</key>
			<string>&lt;group&gt;</string>
		</dict>
		<key>2C09DA59173C81AC00F9FCDC</key>
		<dict>
			<key>children</key>
			<array>
				<string>2C09DA5A173C81AC00F9FCDC</string>
				<string>2C09DA5B173C81AC00F9FCDC</string>
			</array>
			<key>isa</key>
			<string>PBXGroup</string>
			<key>name</key>
			<string>Supporting Files</string>
			<key>sourceTree</key>
			<string>&lt;group&gt;</string>
		</dict>
		<key>2C09DA5A173C81AC00F9FCDC</key>
		<dict>
			<key>isa</key>
			<string>PBXFileReference</string>
			<key>lastKnownFileType</key>
			<string>text.plist.xml</string>
			<key>path</key>
			<string>AppDotNetFeedTests-Info.plist</string>
			<key>sourceTree</key>
			<string>&lt;group&gt;</string>
		</dict>
		<key>2C09DA5B173C81AC00F9FCDC</key>
		<dict>
			<key>children</key>
			<array>
				<string>2C09DA5C173C81AC00F9FCDC</string>
			</array>
			<key>isa</key>
			<string>PBXVariantGroup</string>
			<key>name</key>
			<string>InfoPlist.strings</string>
			<key>sourceTree</key>
			<string>&lt;group&gt;</string>
		</dict>
		<key>2C09DA5C173C81AC00F9FCDC</key>
		<dict>
			<key>isa</key>
			<string>PBXFileReference</string>
			<key>lastKnownFileType</key>
			<string>text.plist.strings</string>
			<key>name</key>
			<string>en</string>
			<key>path</key>
			<string>en.lproj/InfoPlist.strings</string>
			<key>sourceTree</key>
			<string>&lt;group&gt;</string>
		</dict>
		<key>2C09DA5D173C81AC00F9FCDC</key>
		<dict>
			<key>fileRef</key>
			<string>2C09DA5B173C81AC00F9FCDC</string>
			<key>isa</key>
			<string>PBXBuildFile</string>
		</dict>
		<key>2C09DA5E173C81AC00F9FCDC</key>
		<dict>
			<key>isa</key>
			<string>PBXFileReference</string>
			<key>lastKnownFileType</key>
			<string>sourcecode.c.h</string>
			<key>path</key>
			<string>AppDotNetFeedTests.h</string>
			<key>sourceTree</key>
			<string>&lt;group&gt;</string>
		</dict>
		<key>2C09DA5F173C81AC00F9FCDC</key>
		<dict>
			<key>isa</key>
			<string>PBXFileReference</string>
			<key>lastKnownFileType</key>
			<string>sourcecode.c.objc</string>
			<key>path</key>
			<string>AppDotNetFeedTests.m</string>
			<key>sourceTree</key>
			<string>&lt;group&gt;</string>
		</dict>
		<key>2C09DA60173C81AC00F9FCDC</key>
		<dict>
			<key>fileRef</key>
			<string>2C09DA5F173C81AC00F9FCDC</string>
			<key>isa</key>
			<string>PBXBuildFile</string>
		</dict>
		<key>2C09DA61173C81AC00F9FCDC</key>
		<dict>
			<key>buildSettings</key>
			<dict>
				<key>ALWAYS_SEARCH_USER_PATHS</key>
				<string>NO</string>
				<key>CLANG_CXX_LANGUAGE_STANDARD</key>
				<string>gnu++0x</string>
				<key>CLANG_CXX_LIBRARY</key>
				<string>libc++</string>
				<key>CLANG_ENABLE_OBJC_ARC</key>
				<string>YES</string>
				<key>CLANG_WARN_CONSTANT_CONVERSION</key>
				<string>YES</string>
				<key>CLANG_WARN_EMPTY_BODY</key>
				<string>YES</string>
				<key>CLANG_WARN_ENUM_CONVERSION</key>
				<string>YES</string>
				<key>CLANG_WARN_INT_CONVERSION</key>
				<string>YES</string>
				<key>CLANG_WARN__DUPLICATE_METHOD_MATCH</key>
				<string>YES</string>
				<key>CODE_SIGN_IDENTITY[sdk=iphoneos*]</key>
				<string>iPhone Developer</string>
				<key>COPY_PHASE_STRIP</key>
				<string>NO</string>
				<key>GCC_C_LANGUAGE_STANDARD</key>
				<string>gnu99</string>
				<key>GCC_DYNAMIC_NO_PIC</key>
				<string>NO</string>
				<key>GCC_OPTIMIZATION_LEVEL</key>
				<string>0</string>
				<key>GCC_PREPROCESSOR_DEFINITIONS</key>
				<array>
					<string>DEBUG=1</string>
					<string>$(inherited)</string>
				</array>
				<key>GCC_SYMBOLS_PRIVATE_EXTERN</key>
				<string>NO</string>
				<key>GCC_WARN_ABOUT_RETURN_TYPE</key>
				<string>YES</string>
				<key>GCC_WARN_UNINITIALIZED_AUTOS</key>
				<string>YES</string>
				<key>GCC_WARN_UNUSED_VARIABLE</key>
				<string>YES</string>
				<key>IPHONEOS_DEPLOYMENT_TARGET</key>
				<string>6.1</string>
				<key>ONLY_ACTIVE_ARCH</key>
				<string>YES</string>
				<key>SDKROOT</key>
				<string>iphoneos</string>
			</dict>
			<key>isa</key>
			<string>XCBuildConfiguration</string>
			<key>name</key>
			<string>Debug</string>
		</dict>
		<key>2C09DA62173C81AC00F9FCDC</key>
		<dict>
			<key>buildSettings</key>
			<dict>
				<key>ALWAYS_SEARCH_USER_PATHS</key>
				<string>NO</string>
				<key>CLANG_CXX_LANGUAGE_STANDARD</key>
				<string>gnu++0x</string>
				<key>CLANG_CXX_LIBRARY</key>
				<string>libc++</string>
				<key>CLANG_ENABLE_OBJC_ARC</key>
				<string>YES</string>
				<key>CLANG_WARN_CONSTANT_CONVERSION</key>
				<string>YES</string>
				<key>CLANG_WARN_EMPTY_BODY</key>
				<string>YES</string>
				<key>CLANG_WARN_ENUM_CONVERSION</key>
				<string>YES</string>
				<key>CLANG_WARN_INT_CONVERSION</key>
				<string>YES</string>
				<key>CLANG_WARN__DUPLICATE_METHOD_MATCH</key>
				<string>YES</string>
				<key>CODE_SIGN_IDENTITY[sdk=iphoneos*]</key>
				<string>iPhone Developer</string>
				<key>COPY_PHASE_STRIP</key>
				<string>YES</string>
				<key>GCC_C_LANGUAGE_STANDARD</key>
				<string>gnu99</string>
				<key>GCC_WARN_ABOUT_RETURN_TYPE</key>
				<string>YES</string>
				<key>GCC_WARN_UNINITIALIZED_AUTOS</key>
				<string>YES</string>
				<key>GCC_WARN_UNUSED_VARIABLE</key>
				<string>YES</string>
				<key>IPHONEOS_DEPLOYMENT_TARGET</key>
				<string>6.1</string>
				<key>OTHER_CFLAGS</key>
				<string>-DNS_BLOCK_ASSERTIONS=1</string>
				<key>SDKROOT</key>
				<string>iphoneos</string>
				<key>VALIDATE_PRODUCT</key>
				<string>YES</string>
			</dict>
			<key>isa</key>
			<string>XCBuildConfiguration</string>
			<key>name</key>
			<string>Release</string>
		</dict>
		<key>2C09DA63173C81AC00F9FCDC</key>
		<dict>
			<key>buildConfigurations</key>
			<array>
				<string>2C09DA64173C81AC00F9FCDC</string>
				<string>2C09DA65173C81AC00F9FCDC</string>
			</array>
			<key>defaultConfigurationIsVisible</key>
			<string>0</string>
			<key>isa</key>
			<string>XCConfigurationList</string>
		</dict>
		<key>2C09DA64173C81AC00F9FCDC</key>
		<dict>
			<key>baseConfigurationReference</key>
			<string>1FE74BA6DBD943F3BC2DF095</string>
			<key>buildSettings</key>
			<dict>
				<key>GCC_PRECOMPILE_PREFIX_HEADER</key>
				<string>YES</string>
				<key>GCC_PREFIX_HEADER</key>
				<string>AppDotNetFeed/AppDotNetFeed-Prefix.pch</string>
				<key>INFOPLIST_FILE</key>
				<string>AppDotNetFeed/AppDotNetFeed-Info.plist</string>
				<key>PRODUCT_NAME</key>
				<string>$(TARGET_NAME)</string>
				<key>WRAPPER_EXTENSION</key>
				<string>app</string>
			</dict>
			<key>isa</key>
			<string>XCBuildConfiguration</string>
			<key>name</key>
			<string>Debug</string>
		</dict>
		<key>2C09DA65173C81AC00F9FCDC</key>
		<dict>
			<key>baseConfigurationReference</key>
			<string>1FE74BA6DBD943F3BC2DF095</string>
			<key>buildSettings</key>
			<dict>
				<key>GCC_PRECOMPILE_PREFIX_HEADER</key>
				<string>YES</string>
				<key>GCC_PREFIX_HEADER</key>
				<string>AppDotNetFeed/AppDotNetFeed-Prefix.pch</string>
				<key>INFOPLIST_FILE</key>
				<string>AppDotNetFeed/AppDotNetFeed-Info.plist</string>
				<key>PRODUCT_NAME</key>
				<string>$(TARGET_NAME)</string>
				<key>WRAPPER_EXTENSION</key>
				<string>app</string>
			</dict>
			<key>isa</key>
			<string>XCBuildConfiguration</string>
			<key>name</key>
			<string>Release</string>
		</dict>
		<key>2C09DA66173C81AC00F9FCDC</key>
		<dict>
			<key>buildConfigurations</key>
			<array>
				<string>2C09DA67173C81AC00F9FCDC</string>
				<string>2C09DA68173C81AC00F9FCDC</string>
			</array>
			<key>defaultConfigurationIsVisible</key>
			<string>0</string>
			<key>isa</key>
			<string>XCConfigurationList</string>
		</dict>
		<key>2C09DA67173C81AC00F9FCDC</key>
		<dict>
			<key>baseConfigurationReference</key>
			<string>CCD9AA0CBEA8469EAF9E60FA</string>
			<key>buildSettings</key>
			<dict>
				<key>BUNDLE_LOADER</key>
				<string>$(BUILT_PRODUCTS_DIR)/AppDotNetFeed.app/AppDotNetFeed</string>
				<key>FRAMEWORK_SEARCH_PATHS</key>
				<array>
					<string>"$(SDKROOT)/Developer/Library/Frameworks"</string>
					<string>"$(DEVELOPER_LIBRARY_DIR)/Frameworks"</string>
				</array>
				<key>GCC_PRECOMPILE_PREFIX_HEADER</key>
				<string>YES</string>
				<key>GCC_PREFIX_HEADER</key>
				<string>AppDotNetFeed/AppDotNetFeed-Prefix.pch</string>
				<key>INFOPLIST_FILE</key>
				<string>AppDotNetFeedTests/AppDotNetFeedTests-Info.plist</string>
				<key>PRODUCT_NAME</key>
				<string>$(TARGET_NAME)</string>
				<key>TEST_HOST</key>
				<string>$(BUNDLE_LOADER)</string>
				<key>WRAPPER_EXTENSION</key>
				<string>octest</string>
			</dict>
			<key>isa</key>
			<string>XCBuildConfiguration</string>
			<key>name</key>
			<string>Debug</string>
		</dict>
		<key>2C09DA68173C81AC00F9FCDC</key>
		<dict>
			<key>baseConfigurationReference</key>
			<string>CCD9AA0CBEA8469EAF9E60FA</string>
			<key>buildSettings</key>
			<dict>
				<key>BUNDLE_LOADER</key>
				<string>$(BUILT_PRODUCTS_DIR)/AppDotNetFeed.app/AppDotNetFeed</string>
				<key>FRAMEWORK_SEARCH_PATHS</key>
				<array>
					<string>"$(SDKROOT)/Developer/Library/Frameworks"</string>
					<string>"$(DEVELOPER_LIBRARY_DIR)/Frameworks"</string>
				</array>
				<key>GCC_PRECOMPILE_PREFIX_HEADER</key>
				<string>YES</string>
				<key>GCC_PREFIX_HEADER</key>
				<string>AppDotNetFeed/AppDotNetFeed-Prefix.pch</string>
				<key>INFOPLIST_FILE</key>
				<string>AppDotNetFeedTests/AppDotNetFeedTests-Info.plist</string>
				<key>PRODUCT_NAME</key>
				<string>$(TARGET_NAME)</string>
				<key>TEST_HOST</key>
				<string>$(BUNDLE_LOADER)</string>
				<key>WRAPPER_EXTENSION</key>
				<string>octest</string>
			</dict>
			<key>isa</key>
			<string>XCBuildConfiguration</string>
			<key>name</key>
			<string>Release</string>
		</dict>
		<key>78BE36C69325411A9803ED2F</key>
		<dict>
			<key>buildActionMask</key>
			<string>2147483647</string>
			<key>files</key>
			<array/>
			<key>inputPaths</key>
			<array/>
			<key>isa</key>
			<string>PBXShellScriptBuildPhase</string>
			<key>name</key>
			<string>Check Pods Manifest.lock</string>
			<key>outputPaths</key>
			<array/>
			<key>runOnlyForDeploymentPostprocessing</key>
			<string>0</string>
			<key>shellPath</key>
			<string>/bin/sh</string>
			<key>shellScript</key>
			<string>diff "${PODS_ROOT}/../Podfile.lock" "${PODS_ROOT}/Manifest.lock" &gt; /dev/null
if [[ $? != 0 ]] ; then
    cat &lt;&lt; EOM
error: The sanbox is not in sync with the Podfile.lock. Run 'pod install'.
EOM
    exit 1
fi
</string>
			<key>showEnvVarsInLog</key>
			<string>1</string>
		</dict>
		<key>794C7B47115A418DB73D22A9</key>
		<dict>
			<key>fileRef</key>
			<string>084D10F893D642E9AAF2808D</string>
			<key>isa</key>
			<string>PBXBuildFile</string>
			<key>settings</key>
			<dict/>
		</dict>
		<key>7C50F871AA23487587EE14F6</key>
		<dict>
			<key>fileRef</key>
			<string>266DC107264D42E9966A5475</string>
			<key>isa</key>
			<string>PBXBuildFile</string>
			<key>settings</key>
			<dict/>
		</dict>
		<key>8B24D75AEB8040CEAFA21095</key>
		<dict>
			<key>buildActionMask</key>
			<string>2147483647</string>
			<key>files</key>
			<array/>
			<key>inputPaths</key>
			<array/>
			<key>isa</key>
			<string>PBXShellScriptBuildPhase</string>
			<key>name</key>
			<string>Copy Pods Resources</string>
			<key>outputPaths</key>
			<array/>
			<key>runOnlyForDeploymentPostprocessing</key>
			<string>0</string>
			<key>shellPath</key>
			<string>/bin/sh</string>
			<key>shellScript</key>
			<string>"${SRCROOT}/Pods/Pods-resources.sh"
</string>
			<key>showEnvVarsInLog</key>
			<string>1</string>
		</dict>
		<key>CCD9AA0CBEA8469EAF9E60FA</key>
		<dict>
			<key>includeInIndex</key>
			<string>1</string>
			<key>isa</key>
			<string>PBXFileReference</string>
			<key>lastKnownFileType</key>
			<string>text.xcconfig</string>
			<key>name</key>
			<string>Pods-AppDotNetFeedTests.xcconfig</string>
			<key>path</key>
			<string>Pods/Pods-AppDotNetFeedTests.xcconfig</string>
			<key>sourceTree</key>
			<string>SOURCE_ROOT</string>
		</dict>
		<key>D3C953E6AF5D408D954F5F6F</key>
		<dict>
			<key>buildActionMask</key>
			<string>2147483647</string>
			<key>files</key>
			<array/>
			<key>inputPaths</key>
			<array/>
			<key>isa</key>
			<string>PBXShellScriptBuildPhase</string>
			<key>name</key>
			<string>Check Pods Manifest.lock</string>
			<key>outputPaths</key>
			<array/>
			<key>runOnlyForDeploymentPostprocessing</key>
			<string>0</string>
			<key>shellPath</key>
			<string>/bin/sh</string>
			<key>shellScript</key>
			<string>diff "${PODS_ROOT}/../Podfile.lock" "${PODS_ROOT}/Manifest.lock" &gt; /dev/null
if [[ $? != 0 ]] ; then
    cat &lt;&lt; EOM
error: The sanbox is not in sync with the Podfile.lock. Run 'pod install'.
EOM
    exit 1
fi
</string>
			<key>showEnvVarsInLog</key>
			<string>1</string>
		</dict>
		<key>F918709A64A440AFA6B355AB</key>
		<dict>
			<key>buildActionMask</key>
			<string>2147483647</string>
			<key>files</key>
			<array/>
			<key>inputPaths</key>
			<array/>
			<key>isa</key>
			<string>PBXShellScriptBuildPhase</string>
			<key>name</key>
			<string>Copy Pods Resources</string>
			<key>outputPaths</key>
			<array/>
			<key>runOnlyForDeploymentPostprocessing</key>
			<string>0</string>
			<key>shellPath</key>
			<string>/bin/sh</string>
			<key>shellScript</key>
			<string>"${SRCROOT}/Pods/Pods-AppDotNetFeedTests-resources.sh"
</string>
			<key>showEnvVarsInLog</key>
			<string>1</string>
		</dict>
	</dict>
	<key>rootObject</key>
	<string>2C09DA29173C81AC00F9FCDC</string>
</dict>
</plist>
